// !$*UTF8*$!
{
	archiveVersion = 1;
	classes = {
	};
	objectVersion = 46;
	objects = {

/* Begin PBXFileReference section */
		049814F9162CE3A200EA8BBD /* towers.py */ = {isa = PBXFileReference; fileEncoding = 4; lastKnownFileType = text.script.python; path = towers.py; sourceTree = "<group>"; };
		049814FA162CE57200EA8BBD /* README */ = {isa = PBXFileReference; fileEncoding = 4; lastKnownFileType = text; path = README; sourceTree = "<group>"; };
/* End PBXFileReference section */

/* Begin PBXGroup section */
		049814EC162CE38300EA8BBD = {
			isa = PBXGroup;
			children = (
				049814FA162CE57200EA8BBD /* README */,
				049814F9162CE3A200EA8BBD /* towers.py */,
			);
			sourceTree = "<group>";
		};
/* End PBXGroup section */

/* Begin PBXLegacyTarget section */
		049814F3162CE38300EA8BBD /* assign5 */ = {
			isa = PBXLegacyTarget;
			buildArgumentsString = "$(SOURCE_ROOT)/towers.py";
			buildConfigurationList = 049814F6162CE38300EA8BBD /* Build configuration list for PBXLegacyTarget "assign5" */;
			buildPhases = (
			);
			buildToolPath = /Library/Frameworks/Python.framework/Versions/2.7/bin/python;
			buildWorkingDirectory = "";
			dependencies = (
			);
			name = assign5;
			passBuildSettingsInEnvironment = 1;
			productName = assign5;
		};
/* End PBXLegacyTarget section */

/* Begin PBXProject section */
		049814EE162CE38300EA8BBD /* Project object */ = {
			isa = PBXProject;
			attributes = {
				LastUpgradeCheck = 0450;
				ORGANIZATIONNAME = "Corey Prophitt";
			};
			buildConfigurationList = 049814F1162CE38300EA8BBD /* Build configuration list for PBXProject "assign5" */;
			compatibilityVersion = "Xcode 3.2";
			developmentRegion = English;
			hasScannedForEncodings = 0;
			knownRegions = (
				en,
			);
			mainGroup = 049814EC162CE38300EA8BBD;
			projectDirPath = "";
			projectRoot = "";
			targets = (
				049814F3162CE38300EA8BBD /* assign5 */,
			);
		};
/* End PBXProject section */

/* Begin XCBuildConfiguration section */
		049814F4162CE38300EA8BBD /* Debug */ = {
			isa = XCBuildConfiguration;
			buildSettings = {
				ALWAYS_SEARCH_USER_PATHS = NO;
				ARCHS = "$(ARCHS_STANDARD_64_BIT)";
				CLANG_CXX_LANGUAGE_STANDARD = "gnu++0x";
				CLANG_CXX_LIBRARY = "libc++";
				CLANG_WARN_EMPTY_BODY = YES;
				CLANG_WARN__DUPLICATE_METHOD_MATCH = YES;
				COPY_PHASE_STRIP = NO;
				GCC_C_LANGUAGE_STANDARD = gnu99;
				GCC_DYNAMIC_NO_PIC = NO;
				GCC_ENABLE_OBJC_EXCEPTIONS = YES;
				GCC_OPTIMIZATION_LEVEL = 0;
				GCC_PREPROCESSOR_DEFINITIONS = (
					"DEBUG=1",
					"$(inherited)",
				);
				GCC_SYMBOLS_PRIVATE_EXTERN = NO;
				GCC_WARN_64_TO_32_BIT_CONVERSION = YES;
				GCC_WARN_ABOUT_RETURN_TYPE = YES;
				GCC_WARN_UNINITIALIZED_AUTOS = YES;
				GCC_WARN_UNUSED_VARIABLE = YES;
				MACOSX_DEPLOYMENT_TARGET = 10.7;
				ONLY_ACTIVE_ARCH = YES;
				SDKROOT = macosx;
			};
			name = Debug;
		};
		049814F5162CE38300EA8BBD /* Release */ = {
			isa = XCBuildConfiguration;
			buildSettings = {
				ALWAYS_SEARCH_USER_PATHS = NO;
				ARCHS = "$(ARCHS_STANDARD_64_BIT)";
				CLANG_CXX_LANGUAGE_STANDARD = "gnu++0x";
				CLANG_CXX_LIBRARY = "libc++";
				CLANG_WARN_EMPTY_BODY = YES;
				CLANG_WARN__DUPLICATE_METHOD_MATCH = YES;
				COPY_PHASE_STRIP = YES;
				DEBUG_INFORMATION_FORMAT = "dwarf-with-dsym";
				GCC_C_LANGUAGE_STANDARD = gnu99;
				GCC_ENABLE_OBJC_EXCEPTIONS = YES;
				GCC_WARN_64_TO_32_BIT_CONVERSION = YES;
				GCC_WARN_ABOUT_RETURN_TYPE = YES;
				GCC_WARN_UNINITIALIZED_AUTOS = YES;
				GCC_WARN_UNUSED_VARIABLE = YES;
				MACOSX_DEPLOYMENT_TARGET = 10.7;
				SDKROOT = macosx;
			};
			name = Release;
		};
		049814F7162CE38300EA8BBD /* Debug */ = {
			isa = XCBuildConfiguration;
			buildSettings = {
				DEBUGGING_SYMBOLS = YES;
				GCC_GENERATE_DEBUGGING_SYMBOLS = YES;
				GCC_OPTIMIZATION_LEVEL = 0;
				OTHER_CFLAGS = "";
				OTHER_LDFLAGS = "";
				PRODUCT_NAME = "$(TARGET_NAME)";
			};
			name = Debug;
		};
		049814F8162CE38300EA8BBD /* Release */ = {
			isa = XCBuildConfiguration;
			buildSettings = {
				OTHER_CFLAGS = "";
				OTHER_LDFLAGS = "";
				PRODUCT_NAME = "$(TARGET_NAME)";
			};
			name = Release;
		};
/* End XCBuildConfiguration section */

/* Begin XCConfigurationList section */
		049814F1162CE38300EA8BBD /* Build configuration list for PBXProject "assign5" */ = {
			isa = XCConfigurationList;
			buildConfigurations = (
				049814F4162CE38300EA8BBD /* Debug */,
				049814F5162CE38300EA8BBD /* Release */,
			);
			defaultConfigurationIsVisible = 0;
			defaultConfigurationName = Release;
		};
		049814F6162CE38300EA8BBD /* Build configuration list for PBXLegacyTarget "assign5" */ = {
			isa = XCConfigurationList;
			buildConfigurations = (
				049814F7162CE38300EA8BBD /* Debug */,
				049814F8162CE38300EA8BBD /* Release */,
			);
			defaultConfigurationIsVisible = 0;
		};
/* End XCConfigurationList section */
	};
	rootObject = 049814EE162CE38300EA8BBD /* Project object */;
}
